
Microsoft Visual Studio Solution File, Format Version 12.00
# Visual Studio Version 16
VisualStudioVersion = 16.0.29519.87
MinimumVisualStudioVersion = 10.0.40219.1
Project("{FAE04EC0-301F-11D3-BF4B-00C04F79EFBC}") = "Csharp_1", "Csharp_1\Csharp_1.csproj", "{7800DDD6-3586-4B41-A222-DC1E3F0C7776}"
EndProject
Global
	GlobalSection(SolutionConfigurationPlatforms) = preSolution
		Debug|Any CPU = Debug|Any CPU
		Release|Any CPU = Release|Any CPU
	EndGlobalSection
	GlobalSection(ProjectConfigurationPlatforms) = postSolution
		{7800DDD6-3586-4B41-A222-DC1E3F0C7776}.Debug|Any CPU.ActiveCfg = Debug|Any CPU
		{7800DDD6-3586-4B41-A222-DC1E3F0C7776}.Debug|Any CPU.Build.0 = Debug|Any CPU
		{7800DDD6-3586-4B41-A222-DC1E3F0C7776}.Release|Any CPU.ActiveCfg = Release|Any CPU
		{7800DDD6-3586-4B41-A222-DC1E3F0C7776}.Release|Any CPU.Build.0 = Release|Any CPU
	EndGlobalSection
	GlobalSection(SolutionProperties) = preSolution
		HideSolutionNode = FALSE
	EndGlobalSection
	GlobalSection(ExtensibilityGlobals) = postSolution
		SolutionGuid = {0BC5CCB5-84DF-43AC-8E75-00FE93B7EAD9}
	EndGlobalSection
EndGlobal
